
Microsoft Visual Studio Solution File, Format Version 12.00
# Visual Studio 15
VisualStudioVersion = 15.0.28307.902
MinimumVisualStudioVersion = 10.0.40219.1
Project("{FAE04EC0-301F-11D3-BF4B-00C04F79EFBC}") = "FactoryMethodVehicle", "FactoryMethodVehicle\FactoryMethodVehicle.csproj", "{BCA6C459-B1E3-49AF-9321-F615F3A068E8}"
EndProject
Global
	GlobalSection(SolutionConfigurationPlatforms) = preSolution
		Debug|Any CPU = Debug|Any CPU
		Release|Any CPU = Release|Any CPU
	EndGlobalSection
	GlobalSection(ProjectConfigurationPlatforms) = postSolution
		{BCA6C459-B1E3-49AF-9321-F615F3A068E8}.Debug|Any CPU.ActiveCfg = Debug|Any CPU
		{BCA6C459-B1E3-49AF-9321-F615F3A068E8}.Debug|Any CPU.Build.0 = Debug|Any CPU
		{BCA6C459-B1E3-49AF-9321-F615F3A068E8}.Release|Any CPU.ActiveCfg = Release|Any CPU
		{BCA6C459-B1E3-49AF-9321-F615F3A068E8}.Release|Any CPU.Build.0 = Release|Any CPU
	EndGlobalSection
	GlobalSection(SolutionProperties) = preSolution
		HideSolutionNode = FALSE
	EndGlobalSection
	GlobalSection(ExtensibilityGlobals) = postSolution
		SolutionGuid = {F5A19273-9026-4FEC-B0CF-9BA7CD1E9FC9}
	EndGlobalSection
EndGlobal
